// !$*UTF8*$!
{
	archiveVersion = 1;
	classes = {
	};
	objectVersion = 56;
	objects = {

/* Begin PBXBuildFile section */
		8838DC362C8921D400500C6E /* ShadowModifier.swift in Sources */ = {isa = PBXBuildFile; fileRef = 8838DC352C8921D400500C6E /* ShadowModifier.swift */; };
		8838DC3A2C89228100500C6E /* SharedComponents.swift in Sources */ = {isa = PBXBuildFile; fileRef = 8838DC392C89228100500C6E /* SharedComponents.swift */; };
		8838DC3E2C8A5B7B00500C6E /* PollCooldownScreen.swift in Sources */ = {isa = PBXBuildFile; fileRef = 8838DC3D2C8A5B7B00500C6E /* PollCooldownScreen.swift */; };
		8838DC402C8A8F7D00500C6E /* SplashScreen.swift in Sources */ = {isa = PBXBuildFile; fileRef = 8838DC3F2C8A8F7D00500C6E /* SplashScreen.swift */; };
		8838DC432C8A908400500C6E /* InboxScreen.swift in Sources */ = {isa = PBXBuildFile; fileRef = 8838DC422C8A908400500C6E /* InboxScreen.swift */; };
		8838DC452C8A944900500C6E /* Date.swift in Sources */ = {isa = PBXBuildFile; fileRef = 8838DC442C8A944900500C6E /* Date.swift */; };
		8838DC472C8ABCE400500C6E /* GradeScreen.swift in Sources */ = {isa = PBXBuildFile; fileRef = 8838DC462C8ABCE400500C6E /* GradeScreen.swift */; };
		8838DC492C8AC9C100500C6E /* LastName.swift in Sources */ = {isa = PBXBuildFile; fileRef = 8838DC482C8AC9C100500C6E /* LastName.swift */; };
		8838DC4B2C8ACD5800500C6E /* UsernameScreen.swift in Sources */ = {isa = PBXBuildFile; fileRef = 8838DC4A2C8ACD5800500C6E /* UsernameScreen.swift */; };
		8838DC4D2C8B864E00500C6E /* InboxViewModel.swift in Sources */ = {isa = PBXBuildFile; fileRef = 8838DC4C2C8B864E00500C6E /* InboxViewModel.swift */; };
		8838DC4F2C8BD43B00500C6E /* FirebaseMessaging in Frameworks */ = {isa = PBXBuildFile; productRef = 8838DC4E2C8BD43B00500C6E /* FirebaseMessaging */; };
		8838DC512C8D11EA00500C6E /* ColorScreen.swift in Sources */ = {isa = PBXBuildFile; fileRef = 8838DC502C8D11EA00500C6E /* ColorScreen.swift */; };
		8838DC572C8E454A00500C6E /* NotificationScreen.swift in Sources */ = {isa = PBXBuildFile; fileRef = 8838DC562C8E454A00500C6E /* NotificationScreen.swift */; };
		8838DC592C8EA7CB00500C6E /* NotificationManager.swift in Sources */ = {isa = PBXBuildFile; fileRef = 8838DC582C8EA7CB00500C6E /* NotificationManager.swift */; };
		8838DC692C8F994B00500C6E /* ProfileViewModel.swift in Sources */ = {isa = PBXBuildFile; fileRef = 8838DC682C8F994B00500C6E /* ProfileViewModel.swift */; };
		8838DC6B2C8F9AC400500C6E /* FirebaseStorage in Frameworks */ = {isa = PBXBuildFile; productRef = 8838DC6A2C8F9AC400500C6E /* FirebaseStorage */; };
		8838DC6D2C8F9C1D00500C6E /* Image.swift in Sources */ = {isa = PBXBuildFile; fileRef = 8838DC6C2C8F9C1D00500C6E /* Image.swift */; };
		8838DC6F2C90043500500C6E /* PeopleScreen.swift in Sources */ = {isa = PBXBuildFile; fileRef = 8838DC6E2C90043500500C6E /* PeopleScreen.swift */; };
		8838DC712C90F0B100500C6E /* CachedImage.swift in Sources */ = {isa = PBXBuildFile; fileRef = 8838DC702C90F0B100500C6E /* CachedImage.swift */; };
		8838DC742C911A9600500C6E /* String.swift in Sources */ = {isa = PBXBuildFile; fileRef = 8838DC732C911A9600500C6E /* String.swift */; };
		8838DC762C923C0E00500C6E /* LockedHighschoolScreen.swift in Sources */ = {isa = PBXBuildFile; fileRef = 8838DC752C923C0E00500C6E /* LockedHighschoolScreen.swift */; };
		8838DC782C9251BB00500C6E /* InviteFriendsModal.swift in Sources */ = {isa = PBXBuildFile; fileRef = 8838DC772C9251BA00500C6E /* InviteFriendsModal.swift */; };
		8838DC7A2C9293CC00500C6E /* UploadProfileScreen.swift in Sources */ = {isa = PBXBuildFile; fileRef = 8838DC792C9293CC00500C6E /* UploadProfileScreen.swift */; };
		8838DC7C2C936B1900500C6E /* ImageUploadExtension.swift in Sources */ = {isa = PBXBuildFile; fileRef = 8838DC7B2C936B1900500C6E /* ImageUploadExtension.swift */; };
		884B24732C879A1900229F1E /* HighSchoolViewModel.swift in Sources */ = {isa = PBXBuildFile; fileRef = 884B24722C879A1900229F1E /* HighSchoolViewModel.swift */; };
		884B24752C87B96E00229F1E /* User.swift in Sources */ = {isa = PBXBuildFile; fileRef = 884B24742C87B96E00229F1E /* User.swift */; };
		884B24772C87B97500229F1E /* Poll.swift in Sources */ = {isa = PBXBuildFile; fileRef = 884B24762C87B97500229F1E /* Poll.swift */; };
		884B24792C87B97D00229F1E /* PollOption.swift in Sources */ = {isa = PBXBuildFile; fileRef = 884B24782C87B97D00229F1E /* PollOption.swift */; };
		884B247B2C87B98500229F1E /* HighSchool.swift in Sources */ = {isa = PBXBuildFile; fileRef = 884B247A2C87B98500229F1E /* HighSchool.swift */; };
		884B247D2C87B99D00229F1E /* VibeCheck.swift in Sources */ = {isa = PBXBuildFile; fileRef = 884B247C2C87B99D00229F1E /* VibeCheck.swift */; };
		884B247F2C87BECE00229F1E /* PollViewModel.swift in Sources */ = {isa = PBXBuildFile; fileRef = 884B247E2C87BECE00229F1E /* PollViewModel.swift */; };
		884B24822C87E13B00229F1E /* ProfileScreen.swift in Sources */ = {isa = PBXBuildFile; fileRef = 884B24812C87E13B00229F1E /* ProfileScreen.swift */; };
		884B24842C87E44500229F1E /* PollScreen.swift in Sources */ = {isa = PBXBuildFile; fileRef = 884B24832C87E44500229F1E /* PollScreen.swift */; };
		884B24862C87E7BB00229F1E /* PollComplete.swift in Sources */ = {isa = PBXBuildFile; fileRef = 884B24852C87E7BB00229F1E /* PollComplete.swift */; };
		884B24882C8803D300229F1E /* Question.swift in Sources */ = {isa = PBXBuildFile; fileRef = 884B24872C8803D300229F1E /* Question.swift */; };
		888FF3BA2C8679F10025EC1B /* ContactsScreen.swift in Sources */ = {isa = PBXBuildFile; fileRef = 888FF3B92C8679F10025EC1B /* ContactsScreen.swift */; };
		888FF3BC2C867CD80025EC1B /* LocationScreen.swift in Sources */ = {isa = PBXBuildFile; fileRef = 888FF3BB2C867CD80025EC1B /* LocationScreen.swift */; };
		888FF3BE2C867CEF0025EC1B /* Onboarding.swift in Sources */ = {isa = PBXBuildFile; fileRef = 888FF3BD2C867CEF0025EC1B /* Onboarding.swift */; };
		888FF3C02C867DBC0025EC1B /* BirthdayScreen.swift in Sources */ = {isa = PBXBuildFile; fileRef = 888FF3BF2C867DBC0025EC1B /* BirthdayScreen.swift */; };
		888FF3C22C867DC50025EC1B /* GenderScreen.swift in Sources */ = {isa = PBXBuildFile; fileRef = 888FF3C12C867DC50025EC1B /* GenderScreen.swift */; };
		888FF3C42C867DF50025EC1B /* NameScreen.swift in Sources */ = {isa = PBXBuildFile; fileRef = 888FF3C32C867DF50025EC1B /* NameScreen.swift */; };
		888FF3C62C867E0F0025EC1B /* NumberScreen.swift in Sources */ = {isa = PBXBuildFile; fileRef = 888FF3C52C867E0F0025EC1B /* NumberScreen.swift */; };
		88B37D0D2C23FD60000A7D91 /* ShipFastStarterApp.swift in Sources */ = {isa = PBXBuildFile; fileRef = 88B37D0C2C23FD60000A7D91 /* ShipFastStarterApp.swift */; };
		88B37D0F2C23FD60000A7D91 /* ContentView.swift in Sources */ = {isa = PBXBuildFile; fileRef = 88B37D0E2C23FD60000A7D91 /* ContentView.swift */; };
		88B37D112C23FD60000A7D91 /* Item.swift in Sources */ = {isa = PBXBuildFile; fileRef = 88B37D102C23FD60000A7D91 /* Item.swift */; };
		88B37D132C23FD60000A7D91 /* Assets.xcassets in Resources */ = {isa = PBXBuildFile; fileRef = 88B37D122C23FD60000A7D91 /* Assets.xcassets */; };
		88B37D162C23FD60000A7D91 /* Preview Assets.xcassets in Resources */ = {isa = PBXBuildFile; fileRef = 88B37D152C23FD60000A7D91 /* Preview Assets.xcassets */; };
		88B37D242C23FDF8000A7D91 /* MainViewModel.swift in Sources */ = {isa = PBXBuildFile; fileRef = 88B37D232C23FDF8000A7D91 /* MainViewModel.swift */; };
		88B37D2A2C24018B000A7D91 /* SuperwallKit in Frameworks */ = {isa = PBXBuildFile; productRef = 88B37D292C24018B000A7D91 /* SuperwallKit */; };
		88B37D2D2C2404D5000A7D91 /* AppsFlyerLib in Frameworks */ = {isa = PBXBuildFile; productRef = 88B37D2C2C2404D5000A7D91 /* AppsFlyerLib */; };
		88B37D302C24052B000A7D91 /* Mixpanel in Frameworks */ = {isa = PBXBuildFile; productRef = 88B37D2F2C24052B000A7D91 /* Mixpanel */; };
		88B37D322C2406DA000A7D91 /* Constants.swift in Sources */ = {isa = PBXBuildFile; fileRef = 88B37D312C2406DA000A7D91 /* Constants.swift */; };
		88B37D342C240761000A7D91 /* RCPurchaseController.swift in Sources */ = {isa = PBXBuildFile; fileRef = 88B37D332C240761000A7D91 /* RCPurchaseController.swift */; };
		88B37D372C2407DF000A7D91 /* AnalyticsService.swift in Sources */ = {isa = PBXBuildFile; fileRef = 88B37D362C2407DF000A7D91 /* AnalyticsService.swift */; };
		88B37D3A2C240CAB000A7D91 /* RevenueCat in Frameworks */ = {isa = PBXBuildFile; productRef = 88B37D392C240CAB000A7D91 /* RevenueCat */; };
		88B37D3C2C240CF3000A7D91 /* HomeScreen.swift in Sources */ = {isa = PBXBuildFile; fileRef = 88B37D3B2C240CF3000A7D91 /* HomeScreen.swift */; };
		88B37D3E2C240CFF000A7D91 /* FirstOnboardingScreen.swift in Sources */ = {isa = PBXBuildFile; fileRef = 88B37D3D2C240CFF000A7D91 /* FirstOnboardingScreen.swift */; };
		88B37D422C240D5D000A7D91 /* FontManager.swift in Sources */ = {isa = PBXBuildFile; fileRef = 88B37D412C240D5D000A7D91 /* FontManager.swift */; };
		88B37D442C240D77000A7D91 /* Colors.xcassets in Resources */ = {isa = PBXBuildFile; fileRef = 88B37D432C240D77000A7D91 /* Colors.xcassets */; };
		88B37D482C2410BE000A7D91 /* UIDevice.swift in Sources */ = {isa = PBXBuildFile; fileRef = 88B37D472C2410BE000A7D91 /* UIDevice.swift */; };
		88B37D4A2C2410EB000A7D91 /* Numbers.swift in Sources */ = {isa = PBXBuildFile; fileRef = 88B37D492C2410EB000A7D91 /* Numbers.swift */; };
		88B37D4C2C241110000A7D91 /* Array.swift in Sources */ = {isa = PBXBuildFile; fileRef = 88B37D4B2C241110000A7D91 /* Array.swift */; };
		88B37D4E2C241127000A7D91 /* Color.swift in Sources */ = {isa = PBXBuildFile; fileRef = 88B37D4D2C241127000A7D91 /* Color.swift */; };
		88B37D502C24118F000A7D91 /* API.swift in Sources */ = {isa = PBXBuildFile; fileRef = 88B37D4F2C24118F000A7D91 /* API.swift */; };
		88B37D522C2411A4000A7D91 /* Types.swift in Sources */ = {isa = PBXBuildFile; fileRef = 88B37D512C2411A4000A7D91 /* Types.swift */; };
		88B37D542C2411FC000A7D91 /* Extensions.swift in Sources */ = {isa = PBXBuildFile; fileRef = 88B37D532C2411FC000A7D91 /* Extensions.swift */; };
		88B37D572C241321000A7D91 /* NetworkManger.swift in Sources */ = {isa = PBXBuildFile; fileRef = 88B37D562C241321000A7D91 /* NetworkManger.swift */; };
		88B37D592C241355000A7D91 /* ResponseModel.swift in Sources */ = {isa = PBXBuildFile; fileRef = 88B37D582C241355000A7D91 /* ResponseModel.swift */; };
		88C1E55C2C8692C900C9317E /* FirebaseAuth in Frameworks */ = {isa = PBXBuildFile; productRef = 88C1E55B2C8692C900C9317E /* FirebaseAuth */; };
		88C1E55E2C8692C900C9317E /* FirebaseDatabase in Frameworks */ = {isa = PBXBuildFile; productRef = 88C1E55D2C8692C900C9317E /* FirebaseDatabase */; };
		88C1E5602C8692C900C9317E /* FirebaseFirestore in Frameworks */ = {isa = PBXBuildFile; productRef = 88C1E55F2C8692C900C9317E /* FirebaseFirestore */; };
		88C1E5642C86A6B300C9317E /* FirebaseService.swift in Sources */ = {isa = PBXBuildFile; fileRef = 88C1E5632C86A6B300C9317E /* FirebaseService.swift */; };
		88C1E5662C86A6C400C9317E /* AuthViewModel.swift in Sources */ = {isa = PBXBuildFile; fileRef = 88C1E5652C86A6C400C9317E /* AuthViewModel.swift */; };
		88C1E5682C86D86800C9317E /* HighSchoolScreen.swift in Sources */ = {isa = PBXBuildFile; fileRef = 88C1E5672C86D86800C9317E /* HighSchoolScreen.swift */; };
		88C1E56A2C86D95B00C9317E /* NetworkViewModel.swift in Sources */ = {isa = PBXBuildFile; fileRef = 88C1E5692C86D95B00C9317E /* NetworkViewModel.swift */; };
		88C1E5732C876CF100C9317E /* GoogleService-Info.plist in Resources */ = {isa = PBXBuildFile; fileRef = 88C1E5712C876CF100C9317E /* GoogleService-Info.plist */; };
		88C1E5782C876E7500C9317E /* ONG-Info.plist in Resources */ = {isa = PBXBuildFile; fileRef = 88C1E5772C876E7500C9317E /* ONG-Info.plist */; };
/* End PBXBuildFile section */

/* Begin PBXFileReference section */
		8838DC352C8921D400500C6E /* ShadowModifier.swift */ = {isa = PBXFileReference; lastKnownFileType = sourcecode.swift; path = ShadowModifier.swift; sourceTree = "<group>"; };
		8838DC392C89228100500C6E /* SharedComponents.swift */ = {isa = PBXFileReference; lastKnownFileType = sourcecode.swift; path = SharedComponents.swift; sourceTree = "<group>"; };
		8838DC3D2C8A5B7B00500C6E /* PollCooldownScreen.swift */ = {isa = PBXFileReference; lastKnownFileType = sourcecode.swift; path = PollCooldownScreen.swift; sourceTree = "<group>"; };
		8838DC3F2C8A8F7D00500C6E /* SplashScreen.swift */ = {isa = PBXFileReference; lastKnownFileType = sourcecode.swift; path = SplashScreen.swift; sourceTree = "<group>"; };
		8838DC422C8A908400500C6E /* InboxScreen.swift */ = {isa = PBXFileReference; lastKnownFileType = sourcecode.swift; path = InboxScreen.swift; sourceTree = "<group>"; };
		8838DC442C8A944900500C6E /* Date.swift */ = {isa = PBXFileReference; lastKnownFileType = sourcecode.swift; path = Date.swift; sourceTree = "<group>"; };
		8838DC462C8ABCE400500C6E /* GradeScreen.swift */ = {isa = PBXFileReference; lastKnownFileType = sourcecode.swift; path = GradeScreen.swift; sourceTree = "<group>"; };
		8838DC482C8AC9C100500C6E /* LastName.swift */ = {isa = PBXFileReference; lastKnownFileType = sourcecode.swift; path = LastName.swift; sourceTree = "<group>"; };
		8838DC4A2C8ACD5800500C6E /* UsernameScreen.swift */ = {isa = PBXFileReference; lastKnownFileType = sourcecode.swift; path = UsernameScreen.swift; sourceTree = "<group>"; };
		8838DC4C2C8B864E00500C6E /* InboxViewModel.swift */ = {isa = PBXFileReference; lastKnownFileType = sourcecode.swift; path = InboxViewModel.swift; sourceTree = "<group>"; };
		8838DC502C8D11EA00500C6E /* ColorScreen.swift */ = {isa = PBXFileReference; lastKnownFileType = sourcecode.swift; path = ColorScreen.swift; sourceTree = "<group>"; };
		8838DC562C8E454A00500C6E /* NotificationScreen.swift */ = {isa = PBXFileReference; lastKnownFileType = sourcecode.swift; path = NotificationScreen.swift; sourceTree = "<group>"; };
		8838DC582C8EA7CB00500C6E /* NotificationManager.swift */ = {isa = PBXFileReference; lastKnownFileType = sourcecode.swift; path = NotificationManager.swift; sourceTree = "<group>"; };
		8838DC682C8F994B00500C6E /* ProfileViewModel.swift */ = {isa = PBXFileReference; lastKnownFileType = sourcecode.swift; path = ProfileViewModel.swift; sourceTree = "<group>"; };
		8838DC6C2C8F9C1D00500C6E /* Image.swift */ = {isa = PBXFileReference; lastKnownFileType = sourcecode.swift; path = Image.swift; sourceTree = "<group>"; };
		8838DC6E2C90043500500C6E /* PeopleScreen.swift */ = {isa = PBXFileReference; lastKnownFileType = sourcecode.swift; path = PeopleScreen.swift; sourceTree = "<group>"; };
		8838DC702C90F0B100500C6E /* CachedImage.swift */ = {isa = PBXFileReference; lastKnownFileType = sourcecode.swift; path = CachedImage.swift; sourceTree = "<group>"; };
		8838DC732C911A9600500C6E /* String.swift */ = {isa = PBXFileReference; lastKnownFileType = sourcecode.swift; path = String.swift; sourceTree = "<group>"; };
		8838DC752C923C0E00500C6E /* LockedHighschoolScreen.swift */ = {isa = PBXFileReference; lastKnownFileType = sourcecode.swift; path = LockedHighschoolScreen.swift; sourceTree = "<group>"; };
		8838DC772C9251BA00500C6E /* InviteFriendsModal.swift */ = {isa = PBXFileReference; lastKnownFileType = sourcecode.swift; path = InviteFriendsModal.swift; sourceTree = "<group>"; };
		8838DC792C9293CC00500C6E /* UploadProfileScreen.swift */ = {isa = PBXFileReference; lastKnownFileType = sourcecode.swift; path = UploadProfileScreen.swift; sourceTree = "<group>"; };
		8838DC7B2C936B1900500C6E /* ImageUploadExtension.swift */ = {isa = PBXFileReference; lastKnownFileType = sourcecode.swift; path = ImageUploadExtension.swift; sourceTree = "<group>"; };
		884B24722C879A1900229F1E /* HighSchoolViewModel.swift */ = {isa = PBXFileReference; lastKnownFileType = sourcecode.swift; path = HighSchoolViewModel.swift; sourceTree = "<group>"; };
		884B24742C87B96E00229F1E /* User.swift */ = {isa = PBXFileReference; lastKnownFileType = sourcecode.swift; path = User.swift; sourceTree = "<group>"; };
		884B24762C87B97500229F1E /* Poll.swift */ = {isa = PBXFileReference; lastKnownFileType = sourcecode.swift; path = Poll.swift; sourceTree = "<group>"; };
		884B24782C87B97D00229F1E /* PollOption.swift */ = {isa = PBXFileReference; lastKnownFileType = sourcecode.swift; path = PollOption.swift; sourceTree = "<group>"; };
		884B247A2C87B98500229F1E /* HighSchool.swift */ = {isa = PBXFileReference; lastKnownFileType = sourcecode.swift; path = HighSchool.swift; sourceTree = "<group>"; };
		884B247C2C87B99D00229F1E /* VibeCheck.swift */ = {isa = PBXFileReference; lastKnownFileType = sourcecode.swift; path = VibeCheck.swift; sourceTree = "<group>"; };
		884B247E2C87BECE00229F1E /* PollViewModel.swift */ = {isa = PBXFileReference; lastKnownFileType = sourcecode.swift; path = PollViewModel.swift; sourceTree = "<group>"; };
		884B24812C87E13B00229F1E /* ProfileScreen.swift */ = {isa = PBXFileReference; lastKnownFileType = sourcecode.swift; path = ProfileScreen.swift; sourceTree = "<group>"; };
		884B24832C87E44500229F1E /* PollScreen.swift */ = {isa = PBXFileReference; lastKnownFileType = sourcecode.swift; path = PollScreen.swift; sourceTree = "<group>"; };
		884B24852C87E7BB00229F1E /* PollComplete.swift */ = {isa = PBXFileReference; lastKnownFileType = sourcecode.swift; path = PollComplete.swift; sourceTree = "<group>"; };
		884B24872C8803D300229F1E /* Question.swift */ = {isa = PBXFileReference; lastKnownFileType = sourcecode.swift; path = Question.swift; sourceTree = "<group>"; };
		888FF3B92C8679F10025EC1B /* ContactsScreen.swift */ = {isa = PBXFileReference; lastKnownFileType = sourcecode.swift; path = ContactsScreen.swift; sourceTree = "<group>"; };
		888FF3BB2C867CD80025EC1B /* LocationScreen.swift */ = {isa = PBXFileReference; lastKnownFileType = sourcecode.swift; path = LocationScreen.swift; sourceTree = "<group>"; };
		888FF3BD2C867CEF0025EC1B /* Onboarding.swift */ = {isa = PBXFileReference; lastKnownFileType = sourcecode.swift; path = Onboarding.swift; sourceTree = "<group>"; };
		888FF3BF2C867DBC0025EC1B /* BirthdayScreen.swift */ = {isa = PBXFileReference; lastKnownFileType = sourcecode.swift; path = BirthdayScreen.swift; sourceTree = "<group>"; };
		888FF3C12C867DC50025EC1B /* GenderScreen.swift */ = {isa = PBXFileReference; lastKnownFileType = sourcecode.swift; path = GenderScreen.swift; sourceTree = "<group>"; };
		888FF3C32C867DF50025EC1B /* NameScreen.swift */ = {isa = PBXFileReference; lastKnownFileType = sourcecode.swift; path = NameScreen.swift; sourceTree = "<group>"; };
		888FF3C52C867E0F0025EC1B /* NumberScreen.swift */ = {isa = PBXFileReference; lastKnownFileType = sourcecode.swift; path = NumberScreen.swift; sourceTree = "<group>"; };
		88B37D092C23FD60000A7D91 /* ONG.app */ = {isa = PBXFileReference; explicitFileType = wrapper.application; includeInIndex = 0; path = ONG.app; sourceTree = BUILT_PRODUCTS_DIR; };
		88B37D0C2C23FD60000A7D91 /* ShipFastStarterApp.swift */ = {isa = PBXFileReference; lastKnownFileType = sourcecode.swift; path = ShipFastStarterApp.swift; sourceTree = "<group>"; };
		88B37D0E2C23FD60000A7D91 /* ContentView.swift */ = {isa = PBXFileReference; lastKnownFileType = sourcecode.swift; path = ContentView.swift; sourceTree = "<group>"; };
		88B37D102C23FD60000A7D91 /* Item.swift */ = {isa = PBXFileReference; lastKnownFileType = sourcecode.swift; path = Item.swift; sourceTree = "<group>"; };
		88B37D122C23FD60000A7D91 /* Assets.xcassets */ = {isa = PBXFileReference; lastKnownFileType = folder.assetcatalog; path = Assets.xcassets; sourceTree = "<group>"; };
		88B37D152C23FD60000A7D91 /* Preview Assets.xcassets */ = {isa = PBXFileReference; lastKnownFileType = folder.assetcatalog; path = "Preview Assets.xcassets"; sourceTree = "<group>"; };
		88B37D232C23FDF8000A7D91 /* MainViewModel.swift */ = {isa = PBXFileReference; lastKnownFileType = sourcecode.swift; path = MainViewModel.swift; sourceTree = "<group>"; };
		88B37D312C2406DA000A7D91 /* Constants.swift */ = {isa = PBXFileReference; lastKnownFileType = sourcecode.swift; path = Constants.swift; sourceTree = "<group>"; };
		88B37D332C240761000A7D91 /* RCPurchaseController.swift */ = {isa = PBXFileReference; lastKnownFileType = sourcecode.swift; path = RCPurchaseController.swift; sourceTree = "<group>"; };
		88B37D362C2407DF000A7D91 /* AnalyticsService.swift */ = {isa = PBXFileReference; lastKnownFileType = sourcecode.swift; path = AnalyticsService.swift; sourceTree = "<group>"; };
		88B37D3B2C240CF3000A7D91 /* HomeScreen.swift */ = {isa = PBXFileReference; lastKnownFileType = sourcecode.swift; path = HomeScreen.swift; sourceTree = "<group>"; };
		88B37D3D2C240CFF000A7D91 /* FirstOnboardingScreen.swift */ = {isa = PBXFileReference; lastKnownFileType = sourcecode.swift; path = FirstOnboardingScreen.swift; sourceTree = "<group>"; };
		88B37D412C240D5D000A7D91 /* FontManager.swift */ = {isa = PBXFileReference; lastKnownFileType = sourcecode.swift; path = FontManager.swift; sourceTree = "<group>"; };
		88B37D432C240D77000A7D91 /* Colors.xcassets */ = {isa = PBXFileReference; lastKnownFileType = folder.assetcatalog; path = Colors.xcassets; sourceTree = "<group>"; };
		88B37D472C2410BE000A7D91 /* UIDevice.swift */ = {isa = PBXFileReference; lastKnownFileType = sourcecode.swift; path = UIDevice.swift; sourceTree = "<group>"; };
		88B37D492C2410EB000A7D91 /* Numbers.swift */ = {isa = PBXFileReference; lastKnownFileType = sourcecode.swift; path = Numbers.swift; sourceTree = "<group>"; };
		88B37D4B2C241110000A7D91 /* Array.swift */ = {isa = PBXFileReference; lastKnownFileType = sourcecode.swift; path = Array.swift; sourceTree = "<group>"; };
		88B37D4D2C241127000A7D91 /* Color.swift */ = {isa = PBXFileReference; lastKnownFileType = sourcecode.swift; path = Color.swift; sourceTree = "<group>"; };
		88B37D4F2C24118F000A7D91 /* API.swift */ = {isa = PBXFileReference; lastKnownFileType = sourcecode.swift; path = API.swift; sourceTree = "<group>"; };
		88B37D512C2411A4000A7D91 /* Types.swift */ = {isa = PBXFileReference; lastKnownFileType = sourcecode.swift; path = Types.swift; sourceTree = "<group>"; };
		88B37D532C2411FC000A7D91 /* Extensions.swift */ = {isa = PBXFileReference; lastKnownFileType = sourcecode.swift; path = Extensions.swift; sourceTree = "<group>"; };
		88B37D562C241321000A7D91 /* NetworkManger.swift */ = {isa = PBXFileReference; lastKnownFileType = sourcecode.swift; path = NetworkManger.swift; sourceTree = "<group>"; };
		88B37D582C241355000A7D91 /* ResponseModel.swift */ = {isa = PBXFileReference; lastKnownFileType = sourcecode.swift; path = ResponseModel.swift; sourceTree = "<group>"; };
		88C1E5592C86900100C9317E /* ONG.entitlements */ = {isa = PBXFileReference; lastKnownFileType = text.plist.entitlements; path = ONG.entitlements; sourceTree = "<group>"; };
		88C1E5632C86A6B300C9317E /* FirebaseService.swift */ = {isa = PBXFileReference; lastKnownFileType = sourcecode.swift; path = FirebaseService.swift; sourceTree = "<group>"; };
		88C1E5652C86A6C400C9317E /* AuthViewModel.swift */ = {isa = PBXFileReference; lastKnownFileType = sourcecode.swift; path = AuthViewModel.swift; sourceTree = "<group>"; };
		88C1E5672C86D86800C9317E /* HighSchoolScreen.swift */ = {isa = PBXFileReference; lastKnownFileType = sourcecode.swift; path = HighSchoolScreen.swift; sourceTree = "<group>"; };
		88C1E5692C86D95B00C9317E /* NetworkViewModel.swift */ = {isa = PBXFileReference; lastKnownFileType = sourcecode.swift; path = NetworkViewModel.swift; sourceTree = "<group>"; };
		88C1E5712C876CF100C9317E /* GoogleService-Info.plist */ = {isa = PBXFileReference; fileEncoding = 4; lastKnownFileType = text.plist.xml; name = "GoogleService-Info.plist"; path = "ShipFastStarter/GoogleService-Info.plist"; sourceTree = "<group>"; };
		88C1E5772C876E7500C9317E /* ONG-Info.plist */ = {isa = PBXFileReference; fileEncoding = 4; lastKnownFileType = text.plist.xml; path = "ONG-Info.plist"; sourceTree = "<group>"; };
/* End PBXFileReference section */

/* Begin PBXFrameworksBuildPhase section */
		88B37D062C23FD60000A7D91 /* Frameworks */ = {
			isa = PBXFrameworksBuildPhase;
			buildActionMask = 2147483647;
			files = (
				8838DC4F2C8BD43B00500C6E /* FirebaseMessaging in Frameworks */,
				88C1E55E2C8692C900C9317E /* FirebaseDatabase in Frameworks */,
				8838DC6B2C8F9AC400500C6E /* FirebaseStorage in Frameworks */,
				88B37D3A2C240CAB000A7D91 /* RevenueCat in Frameworks */,
				88C1E55C2C8692C900C9317E /* FirebaseAuth in Frameworks */,
				88B37D302C24052B000A7D91 /* Mixpanel in Frameworks */,
				88B37D2A2C24018B000A7D91 /* SuperwallKit in Frameworks */,
				88B37D2D2C2404D5000A7D91 /* AppsFlyerLib in Frameworks */,
				88C1E5602C8692C900C9317E /* FirebaseFirestore in Frameworks */,
			);
			runOnlyForDeploymentPostprocessing = 0;
		};
/* End PBXFrameworksBuildPhase section */

/* Begin PBXGroup section */
		8838DC342C8921C900500C6E /* ViewModifiers */ = {
			isa = PBXGroup;
			children = (
				8838DC352C8921D400500C6E /* ShadowModifier.swift */,
				8838DC392C89228100500C6E /* SharedComponents.swift */,
			);
			path = ViewModifiers;
			sourceTree = "<group>";
		};
		8838DC412C8A907700500C6E /* Inbox */ = {
			isa = PBXGroup;
			children = (
				8838DC422C8A908400500C6E /* InboxScreen.swift */,
			);
			path = Inbox;
			sourceTree = "<group>";
		};
		884B24802C87E12B00229F1E /* Profile */ = {
			isa = PBXGroup;
			children = (
				884B24812C87E13B00229F1E /* ProfileScreen.swift */,
				8838DC7B2C936B1900500C6E /* ImageUploadExtension.swift */,
			);
			path = Profile;
			sourceTree = "<group>";
		};
		888FF3C92C867E4A0025EC1B /* Polling */ = {
			isa = PBXGroup;
			children = (
				884B24832C87E44500229F1E /* PollScreen.swift */,
				884B24852C87E7BB00229F1E /* PollComplete.swift */,
				8838DC3D2C8A5B7B00500C6E /* PollCooldownScreen.swift */,
			);
			path = Polling;
			sourceTree = "<group>";
		};
		88B37D002C23FD60000A7D91 = {
			isa = PBXGroup;
			children = (
				88C1E5592C86900100C9317E /* ONG.entitlements */,
				88C1E5712C876CF100C9317E /* GoogleService-Info.plist */,
				88C1E5772C876E7500C9317E /* ONG-Info.plist */,
				88B37D0B2C23FD60000A7D91 /* ShipFastStarter */,
				88B37D0A2C23FD60000A7D91 /* Products */,
				88B37D382C240CAB000A7D91 /* Frameworks */,
			);
			sourceTree = "<group>";
		};
		88B37D0A2C23FD60000A7D91 /* Products */ = {
			isa = PBXGroup;
			children = (
				88B37D092C23FD60000A7D91 /* ONG.app */,
			);
			name = Products;
			sourceTree = "<group>";
		};
		88B37D0B2C23FD60000A7D91 /* ShipFastStarter */ = {
			isa = PBXGroup;
			children = (
				88B37D222C23FDEE000A7D91 /* Model */,
				88B37D1F2C23FD83000A7D91 /* Resources */,
				88B37D1E2C23FD7C000A7D91 /* Helpers */,
				88B37D1D2C23FD78000A7D91 /* Views */,
				88B37D1C2C23FD74000A7D91 /* ViewModels */,
				88B37D0C2C23FD60000A7D91 /* ShipFastStarterApp.swift */,
				88B37D102C23FD60000A7D91 /* Item.swift */,
				88B37D122C23FD60000A7D91 /* Assets.xcassets */,
				88B37D142C23FD60000A7D91 /* Preview Content */,
			);
			path = ShipFastStarter;
			sourceTree = "<group>";
		};
		88B37D142C23FD60000A7D91 /* Preview Content */ = {
			isa = PBXGroup;
			children = (
				88B37D152C23FD60000A7D91 /* Preview Assets.xcassets */,
			);
			path = "Preview Content";
			sourceTree = "<group>";
		};
		88B37D1C2C23FD74000A7D91 /* ViewModels */ = {
			isa = PBXGroup;
			children = (
				88B37D232C23FDF8000A7D91 /* MainViewModel.swift */,
				88C1E5652C86A6C400C9317E /* AuthViewModel.swift */,
				88C1E5692C86D95B00C9317E /* NetworkViewModel.swift */,
				884B24722C879A1900229F1E /* HighSchoolViewModel.swift */,
				884B247E2C87BECE00229F1E /* PollViewModel.swift */,
				8838DC4C2C8B864E00500C6E /* InboxViewModel.swift */,
				8838DC682C8F994B00500C6E /* ProfileViewModel.swift */,
			);
			path = ViewModels;
			sourceTree = "<group>";
		};
		88B37D1D2C23FD78000A7D91 /* Views */ = {
			isa = PBXGroup;
			children = (
				8838DC412C8A907700500C6E /* Inbox */,
				884B24802C87E12B00229F1E /* Profile */,
				888FF3C92C867E4A0025EC1B /* Polling */,
				88B37D0E2C23FD60000A7D91 /* ContentView.swift */,
				88B37D262C23FFE9000A7D91 /* Home */,
				88B37D252C23FFE5000A7D91 /* Onboarding */,
				8838DC3F2C8A8F7D00500C6E /* SplashScreen.swift */,
				8838DC772C9251BA00500C6E /* InviteFriendsModal.swift */,
			);
			path = Views;
			sourceTree = "<group>";
		};
		88B37D1E2C23FD7C000A7D91 /* Helpers */ = {
			isa = PBXGroup;
			children = (
				8838DC342C8921C900500C6E /* ViewModifiers */,
				88B37D462C2410AF000A7D91 /* Extensions */,
				88B37D352C2407D0000A7D91 /* Services */,
				88B37D312C2406DA000A7D91 /* Constants.swift */,
				8838DC582C8EA7CB00500C6E /* NotificationManager.swift */,
				8838DC702C90F0B100500C6E /* CachedImage.swift */,
			);
			path = Helpers;
			sourceTree = "<group>";
		};
		88B37D1F2C23FD83000A7D91 /* Resources */ = {
			isa = PBXGroup;
			children = (
				88B37D212C23FD91000A7D91 /* Fonts */,
				88B37D202C23FD8C000A7D91 /* Animations */,
				88B37D432C240D77000A7D91 /* Colors.xcassets */,
			);
			path = Resources;
			sourceTree = "<group>";
		};
		88B37D202C23FD8C000A7D91 /* Animations */ = {
			isa = PBXGroup;
			children = (
			);
			path = Animations;
			sourceTree = "<group>";
		};
		88B37D212C23FD91000A7D91 /* Fonts */ = {
			isa = PBXGroup;
			children = (
				88B37D412C240D5D000A7D91 /* FontManager.swift */,
			);
			path = Fonts;
			sourceTree = "<group>";
		};
		88B37D222C23FDEE000A7D91 /* Model */ = {
			isa = PBXGroup;
			children = (
				884B24742C87B96E00229F1E /* User.swift */,
				884B24762C87B97500229F1E /* Poll.swift */,
				884B24782C87B97D00229F1E /* PollOption.swift */,
				884B247A2C87B98500229F1E /* HighSchool.swift */,
				884B247C2C87B99D00229F1E /* VibeCheck.swift */,
				884B24872C8803D300229F1E /* Question.swift */,
			);
			path = Model;
			sourceTree = "<group>";
		};
		88B37D252C23FFE5000A7D91 /* Onboarding */ = {
			isa = PBXGroup;
			children = (
				888FF3BD2C867CEF0025EC1B /* Onboarding.swift */,
				88B37D3D2C240CFF000A7D91 /* FirstOnboardingScreen.swift */,
				888FF3B92C8679F10025EC1B /* ContactsScreen.swift */,
				888FF3BB2C867CD80025EC1B /* LocationScreen.swift */,
				888FF3BF2C867DBC0025EC1B /* BirthdayScreen.swift */,
				888FF3C12C867DC50025EC1B /* GenderScreen.swift */,
				888FF3C32C867DF50025EC1B /* NameScreen.swift */,
				888FF3C52C867E0F0025EC1B /* NumberScreen.swift */,
				88C1E5672C86D86800C9317E /* HighSchoolScreen.swift */,
				8838DC462C8ABCE400500C6E /* GradeScreen.swift */,
				8838DC482C8AC9C100500C6E /* LastName.swift */,
				8838DC4A2C8ACD5800500C6E /* UsernameScreen.swift */,
				8838DC502C8D11EA00500C6E /* ColorScreen.swift */,
				8838DC6E2C90043500500C6E /* PeopleScreen.swift */,
				8838DC562C8E454A00500C6E /* NotificationScreen.swift */,
				8838DC752C923C0E00500C6E /* LockedHighschoolScreen.swift */,
				8838DC792C9293CC00500C6E /* UploadProfileScreen.swift */,
			);
			path = Onboarding;
			sourceTree = "<group>";
		};
		88B37D262C23FFE9000A7D91 /* Home */ = {
			isa = PBXGroup;
			children = (
				88B37D3B2C240CF3000A7D91 /* HomeScreen.swift */,
			);
			path = Home;
			sourceTree = "<group>";
		};
		88B37D352C2407D0000A7D91 /* Services */ = {
			isa = PBXGroup;
			children = (
				88B37D452C241089000A7D91 /* Networking */,
				88B37D332C240761000A7D91 /* RCPurchaseController.swift */,
				88B37D362C2407DF000A7D91 /* AnalyticsService.swift */,
				88C1E5632C86A6B300C9317E /* FirebaseService.swift */,
			);
			path = Services;
			sourceTree = "<group>";
		};
		88B37D382C240CAB000A7D91 /* Frameworks */ = {
			isa = PBXGroup;
			children = (
			);
			name = Frameworks;
			sourceTree = "<group>";
		};
		88B37D452C241089000A7D91 /* Networking */ = {
			isa = PBXGroup;
			children = (
				88B37D562C241321000A7D91 /* NetworkManger.swift */,
				88B37D4F2C24118F000A7D91 /* API.swift */,
				88B37D512C2411A4000A7D91 /* Types.swift */,
				88B37D532C2411FC000A7D91 /* Extensions.swift */,
				88B37D582C241355000A7D91 /* ResponseModel.swift */,
			);
			path = Networking;
			sourceTree = "<group>";
		};
		88B37D462C2410AF000A7D91 /* Extensions */ = {
			isa = PBXGroup;
			children = (
				88B37D472C2410BE000A7D91 /* UIDevice.swift */,
				88B37D492C2410EB000A7D91 /* Numbers.swift */,
				88B37D4B2C241110000A7D91 /* Array.swift */,
				88B37D4D2C241127000A7D91 /* Color.swift */,
				8838DC442C8A944900500C6E /* Date.swift */,
				8838DC6C2C8F9C1D00500C6E /* Image.swift */,
				8838DC732C911A9600500C6E /* String.swift */,
			);
			path = Extensions;
			sourceTree = "<group>";
		};
/* End PBXGroup section */

/* Begin PBXNativeTarget section */
		88B37D082C23FD60000A7D91 /* ONG */ = {
			isa = PBXNativeTarget;
			buildConfigurationList = 88B37D192C23FD60000A7D91 /* Build configuration list for PBXNativeTarget "ONG" */;
			buildPhases = (
				88B37D052C23FD60000A7D91 /* Sources */,
				88B37D062C23FD60000A7D91 /* Frameworks */,
				88B37D072C23FD60000A7D91 /* Resources */,
			);
			buildRules = (
			);
			dependencies = (
			);
			name = ONG;
			packageProductDependencies = (
				88B37D292C24018B000A7D91 /* SuperwallKit */,
				88B37D2C2C2404D5000A7D91 /* AppsFlyerLib */,
				88B37D2F2C24052B000A7D91 /* Mixpanel */,
				88B37D392C240CAB000A7D91 /* RevenueCat */,
				88C1E55B2C8692C900C9317E /* FirebaseAuth */,
				88C1E55D2C8692C900C9317E /* FirebaseDatabase */,
				88C1E55F2C8692C900C9317E /* FirebaseFirestore */,
				8838DC4E2C8BD43B00500C6E /* FirebaseMessaging */,
				8838DC6A2C8F9AC400500C6E /* FirebaseStorage */,
			);
			productName = ShipFastStarter;
			productReference = 88B37D092C23FD60000A7D91 /* ONG.app */;
			productType = "com.apple.product-type.application";
		};
/* End PBXNativeTarget section */

/* Begin PBXProject section */
		88B37D012C23FD60000A7D91 /* Project object */ = {
			isa = PBXProject;
			attributes = {
				BuildIndependentTargetsInParallel = 1;
				LastSwiftUpdateCheck = 1540;
				LastUpgradeCheck = 1540;
				TargetAttributes = {
					88B37D082C23FD60000A7D91 = {
						CreatedOnToolsVersion = 15.4;
					};
				};
			};
			buildConfigurationList = 88B37D042C23FD60000A7D91 /* Build configuration list for PBXProject "ONG" */;
			compatibilityVersion = "Xcode 14.0";
			developmentRegion = en;
			hasScannedForEncodings = 0;
			knownRegions = (
				en,
				Base,
			);
			mainGroup = 88B37D002C23FD60000A7D91;
			packageReferences = (
				88B37D272C2400F5000A7D91 /* XCRemoteSwiftPackageReference "purchases-ios-spm" */,
				88B37D282C24018B000A7D91 /* XCRemoteSwiftPackageReference "Superwall-iOS" */,
				88B37D2B2C2404D5000A7D91 /* XCRemoteSwiftPackageReference "AppsFlyerFramework" */,
				88B37D2E2C24052B000A7D91 /* XCRemoteSwiftPackageReference "mixpanel-swift" */,
				88C1E55A2C86925D00C9317E /* XCRemoteSwiftPackageReference "firebase-ios-sdk" */,
			);
			productRefGroup = 88B37D0A2C23FD60000A7D91 /* Products */;
			projectDirPath = "";
			projectRoot = "";
			targets = (
				88B37D082C23FD60000A7D91 /* ONG */,
			);
		};
/* End PBXProject section */

/* Begin PBXResourcesBuildPhase section */
		88B37D072C23FD60000A7D91 /* Resources */ = {
			isa = PBXResourcesBuildPhase;
			buildActionMask = 2147483647;
			files = (
				88B37D442C240D77000A7D91 /* Colors.xcassets in Resources */,
				88C1E5732C876CF100C9317E /* GoogleService-Info.plist in Resources */,
				88B37D162C23FD60000A7D91 /* Preview Assets.xcassets in Resources */,
				88C1E5782C876E7500C9317E /* ONG-Info.plist in Resources */,
				88B37D132C23FD60000A7D91 /* Assets.xcassets in Resources */,
			);
			runOnlyForDeploymentPostprocessing = 0;
		};
/* End PBXResourcesBuildPhase section */

/* Begin PBXSourcesBuildPhase section */
		88B37D052C23FD60000A7D91 /* Sources */ = {
			isa = PBXSourcesBuildPhase;
			buildActionMask = 2147483647;
			files = (
				8838DC402C8A8F7D00500C6E /* SplashScreen.swift in Sources */,
				8838DC492C8AC9C100500C6E /* LastName.swift in Sources */,
				888FF3BA2C8679F10025EC1B /* ContactsScreen.swift in Sources */,
				884B247F2C87BECE00229F1E /* PollViewModel.swift in Sources */,
				88B37D322C2406DA000A7D91 /* Constants.swift in Sources */,
				888FF3C42C867DF50025EC1B /* NameScreen.swift in Sources */,
				884B24822C87E13B00229F1E /* ProfileScreen.swift in Sources */,
				884B247B2C87B98500229F1E /* HighSchool.swift in Sources */,
				8838DC3A2C89228100500C6E /* SharedComponents.swift in Sources */,
				8838DC432C8A908400500C6E /* InboxScreen.swift in Sources */,
				88B37D542C2411FC000A7D91 /* Extensions.swift in Sources */,
				8838DC4B2C8ACD5800500C6E /* UsernameScreen.swift in Sources */,
				8838DC592C8EA7CB00500C6E /* NotificationManager.swift in Sources */,
				88B37D342C240761000A7D91 /* RCPurchaseController.swift in Sources */,
				8838DC7A2C9293CC00500C6E /* UploadProfileScreen.swift in Sources */,
				884B24862C87E7BB00229F1E /* PollComplete.swift in Sources */,
				88B37D572C241321000A7D91 /* NetworkManger.swift in Sources */,
				8838DC572C8E454A00500C6E /* NotificationScreen.swift in Sources */,
				88B37D0F2C23FD60000A7D91 /* ContentView.swift in Sources */,
				88C1E5682C86D86800C9317E /* HighSchoolScreen.swift in Sources */,
				8838DC472C8ABCE400500C6E /* GradeScreen.swift in Sources */,
				8838DC6F2C90043500500C6E /* PeopleScreen.swift in Sources */,
				884B24732C879A1900229F1E /* HighSchoolViewModel.swift in Sources */,
				8838DC452C8A944900500C6E /* Date.swift in Sources */,
				88B37D522C2411A4000A7D91 /* Types.swift in Sources */,
				88B37D112C23FD60000A7D91 /* Item.swift in Sources */,
				88B37D3C2C240CF3000A7D91 /* HomeScreen.swift in Sources */,
				88B37D422C240D5D000A7D91 /* FontManager.swift in Sources */,
				8838DC362C8921D400500C6E /* ShadowModifier.swift in Sources */,
				888FF3C62C867E0F0025EC1B /* NumberScreen.swift in Sources */,
				88B37D482C2410BE000A7D91 /* UIDevice.swift in Sources */,
				8838DC7C2C936B1900500C6E /* ImageUploadExtension.swift in Sources */,
				8838DC692C8F994B00500C6E /* ProfileViewModel.swift in Sources */,
				88B37D4E2C241127000A7D91 /* Color.swift in Sources */,
				888FF3C22C867DC50025EC1B /* GenderScreen.swift in Sources */,
				884B24772C87B97500229F1E /* Poll.swift in Sources */,
				88B37D4A2C2410EB000A7D91 /* Numbers.swift in Sources */,
				888FF3BC2C867CD80025EC1B /* LocationScreen.swift in Sources */,
				88C1E5642C86A6B300C9317E /* FirebaseService.swift in Sources */,
				884B24792C87B97D00229F1E /* PollOption.swift in Sources */,
				88C1E56A2C86D95B00C9317E /* NetworkViewModel.swift in Sources */,
				8838DC512C8D11EA00500C6E /* ColorScreen.swift in Sources */,
				88B37D4C2C241110000A7D91 /* Array.swift in Sources */,
				8838DC4D2C8B864E00500C6E /* InboxViewModel.swift in Sources */,
				88B37D3E2C240CFF000A7D91 /* FirstOnboardingScreen.swift in Sources */,
				8838DC3E2C8A5B7B00500C6E /* PollCooldownScreen.swift in Sources */,
				8838DC742C911A9600500C6E /* String.swift in Sources */,
				88B37D0D2C23FD60000A7D91 /* ShipFastStarterApp.swift in Sources */,
				884B247D2C87B99D00229F1E /* VibeCheck.swift in Sources */,
				88B37D372C2407DF000A7D91 /* AnalyticsService.swift in Sources */,
				884B24882C8803D300229F1E /* Question.swift in Sources */,
				8838DC762C923C0E00500C6E /* LockedHighschoolScreen.swift in Sources */,
				888FF3BE2C867CEF0025EC1B /* Onboarding.swift in Sources */,
				88C1E5662C86A6C400C9317E /* AuthViewModel.swift in Sources */,
				8838DC6D2C8F9C1D00500C6E /* Image.swift in Sources */,
				884B24842C87E44500229F1E /* PollScreen.swift in Sources */,
				88B37D502C24118F000A7D91 /* API.swift in Sources */,
				88B37D592C241355000A7D91 /* ResponseModel.swift in Sources */,
				888FF3C02C867DBC0025EC1B /* BirthdayScreen.swift in Sources */,
				88B37D242C23FDF8000A7D91 /* MainViewModel.swift in Sources */,
				8838DC782C9251BB00500C6E /* InviteFriendsModal.swift in Sources */,
				884B24752C87B96E00229F1E /* User.swift in Sources */,
				8838DC712C90F0B100500C6E /* CachedImage.swift in Sources */,
			);
			runOnlyForDeploymentPostprocessing = 0;
		};
/* End PBXSourcesBuildPhase section */

/* Begin XCBuildConfiguration section */
		88B37D172C23FD60000A7D91 /* Debug */ = {
			isa = XCBuildConfiguration;
			buildSettings = {
				ALWAYS_SEARCH_USER_PATHS = NO;
				ASSETCATALOG_COMPILER_GENERATE_SWIFT_ASSET_SYMBOL_EXTENSIONS = YES;
				CLANG_ANALYZER_NONNULL = YES;
				CLANG_ANALYZER_NUMBER_OBJECT_CONVERSION = YES_AGGRESSIVE;
				CLANG_CXX_LANGUAGE_STANDARD = "gnu++20";
				CLANG_ENABLE_MODULES = YES;
				CLANG_ENABLE_OBJC_ARC = YES;
				CLANG_ENABLE_OBJC_WEAK = YES;
				CLANG_WARN_BLOCK_CAPTURE_AUTORELEASING = YES;
				CLANG_WARN_BOOL_CONVERSION = YES;
				CLANG_WARN_COMMA = YES;
				CLANG_WARN_CONSTANT_CONVERSION = YES;
				CLANG_WARN_DEPRECATED_OBJC_IMPLEMENTATIONS = YES;
				CLANG_WARN_DIRECT_OBJC_ISA_USAGE = YES_ERROR;
				CLANG_WARN_DOCUMENTATION_COMMENTS = YES;
				CLANG_WARN_EMPTY_BODY = YES;
				CLANG_WARN_ENUM_CONVERSION = YES;
				CLANG_WARN_INFINITE_RECURSION = YES;
				CLANG_WARN_INT_CONVERSION = YES;
				CLANG_WARN_NON_LITERAL_NULL_CONVERSION = YES;
				CLANG_WARN_OBJC_IMPLICIT_RETAIN_SELF = YES;
				CLANG_WARN_OBJC_LITERAL_CONVERSION = YES;
				CLANG_WARN_OBJC_ROOT_CLASS = YES_ERROR;
				CLANG_WARN_QUOTED_INCLUDE_IN_FRAMEWORK_HEADER = YES;
				CLANG_WARN_RANGE_LOOP_ANALYSIS = YES;
				CLANG_WARN_STRICT_PROTOTYPES = YES;
				CLANG_WARN_SUSPICIOUS_MOVE = YES;
				CLANG_WARN_UNGUARDED_AVAILABILITY = YES_AGGRESSIVE;
				CLANG_WARN_UNREACHABLE_CODE = YES;
				CLANG_WARN__DUPLICATE_METHOD_MATCH = YES;
				COPY_PHASE_STRIP = NO;
				DEBUG_INFORMATION_FORMAT = dwarf;
				ENABLE_STRICT_OBJC_MSGSEND = YES;
				ENABLE_TESTABILITY = YES;
				ENABLE_USER_SCRIPT_SANDBOXING = YES;
				GCC_C_LANGUAGE_STANDARD = gnu17;
				GCC_DYNAMIC_NO_PIC = NO;
				GCC_NO_COMMON_BLOCKS = YES;
				GCC_OPTIMIZATION_LEVEL = 0;
				GCC_PREPROCESSOR_DEFINITIONS = (
					"DEBUG=1",
					"$(inherited)",
				);
				GCC_WARN_64_TO_32_BIT_CONVERSION = YES;
				GCC_WARN_ABOUT_RETURN_TYPE = YES_ERROR;
				GCC_WARN_UNDECLARED_SELECTOR = YES;
				GCC_WARN_UNINITIALIZED_AUTOS = YES_AGGRESSIVE;
				GCC_WARN_UNUSED_FUNCTION = YES;
				GCC_WARN_UNUSED_VARIABLE = YES;
				IPHONEOS_DEPLOYMENT_TARGET = 17.0;
				LOCALIZATION_PREFERS_STRING_CATALOGS = YES;
				MTL_ENABLE_DEBUG_INFO = INCLUDE_SOURCE;
				MTL_FAST_MATH = YES;
				ONLY_ACTIVE_ARCH = YES;
				SDKROOT = iphoneos;
				SWIFT_ACTIVE_COMPILATION_CONDITIONS = "DEBUG $(inherited)";
				SWIFT_OPTIMIZATION_LEVEL = "-Onone";
			};
			name = Debug;
		};
		88B37D182C23FD60000A7D91 /* Release */ = {
			isa = XCBuildConfiguration;
			buildSettings = {
				ALWAYS_SEARCH_USER_PATHS = NO;
				ASSETCATALOG_COMPILER_GENERATE_SWIFT_ASSET_SYMBOL_EXTENSIONS = YES;
				CLANG_ANALYZER_NONNULL = YES;
				CLANG_ANALYZER_NUMBER_OBJECT_CONVERSION = YES_AGGRESSIVE;
				CLANG_CXX_LANGUAGE_STANDARD = "gnu++20";
				CLANG_ENABLE_MODULES = YES;
				CLANG_ENABLE_OBJC_ARC = YES;
				CLANG_ENABLE_OBJC_WEAK = YES;
				CLANG_WARN_BLOCK_CAPTURE_AUTORELEASING = YES;
				CLANG_WARN_BOOL_CONVERSION = YES;
				CLANG_WARN_COMMA = YES;
				CLANG_WARN_CONSTANT_CONVERSION = YES;
				CLANG_WARN_DEPRECATED_OBJC_IMPLEMENTATIONS = YES;
				CLANG_WARN_DIRECT_OBJC_ISA_USAGE = YES_ERROR;
				CLANG_WARN_DOCUMENTATION_COMMENTS = YES;
				CLANG_WARN_EMPTY_BODY = YES;
				CLANG_WARN_ENUM_CONVERSION = YES;
				CLANG_WARN_INFINITE_RECURSION = YES;
				CLANG_WARN_INT_CONVERSION = YES;
				CLANG_WARN_NON_LITERAL_NULL_CONVERSION = YES;
				CLANG_WARN_OBJC_IMPLICIT_RETAIN_SELF = YES;
				CLANG_WARN_OBJC_LITERAL_CONVERSION = YES;
				CLANG_WARN_OBJC_ROOT_CLASS = YES_ERROR;
				CLANG_WARN_QUOTED_INCLUDE_IN_FRAMEWORK_HEADER = YES;
				CLANG_WARN_RANGE_LOOP_ANALYSIS = YES;
				CLANG_WARN_STRICT_PROTOTYPES = YES;
				CLANG_WARN_SUSPICIOUS_MOVE = YES;
				CLANG_WARN_UNGUARDED_AVAILABILITY = YES_AGGRESSIVE;
				CLANG_WARN_UNREACHABLE_CODE = YES;
				CLANG_WARN__DUPLICATE_METHOD_MATCH = YES;
				COPY_PHASE_STRIP = NO;
				DEBUG_INFORMATION_FORMAT = "dwarf-with-dsym";
				ENABLE_NS_ASSERTIONS = NO;
				ENABLE_STRICT_OBJC_MSGSEND = YES;
				ENABLE_USER_SCRIPT_SANDBOXING = YES;
				GCC_C_LANGUAGE_STANDARD = gnu17;
				GCC_NO_COMMON_BLOCKS = YES;
				GCC_WARN_64_TO_32_BIT_CONVERSION = YES;
				GCC_WARN_ABOUT_RETURN_TYPE = YES_ERROR;
				GCC_WARN_UNDECLARED_SELECTOR = YES;
				GCC_WARN_UNINITIALIZED_AUTOS = YES_AGGRESSIVE;
				GCC_WARN_UNUSED_FUNCTION = YES;
				GCC_WARN_UNUSED_VARIABLE = YES;
				IPHONEOS_DEPLOYMENT_TARGET = 17.0;
				LOCALIZATION_PREFERS_STRING_CATALOGS = YES;
				MTL_ENABLE_DEBUG_INFO = NO;
				MTL_FAST_MATH = YES;
				SDKROOT = iphoneos;
				SWIFT_COMPILATION_MODE = wholemodule;
				VALIDATE_PRODUCT = YES;
			};
			name = Release;
		};
		88B37D1A2C23FD60000A7D91 /* Debug */ = {
			isa = XCBuildConfiguration;
			buildSettings = {
				ASSETCATALOG_COMPILER_APPICON_NAME = AppIcon;
				ASSETCATALOG_COMPILER_GLOBAL_ACCENT_COLOR_NAME = AccentColor;
				CODE_SIGN_ENTITLEMENTS = ONG.entitlements;
				CODE_SIGN_STYLE = Automatic;
				CURRENT_PROJECT_VERSION = 2;
				DEVELOPMENT_ASSET_PATHS = "\"ShipFastStarter/Preview Content\"";
				DEVELOPMENT_TEAM = VY92D2R4AT;
				ENABLE_PREVIEWS = YES;
				GENERATE_INFOPLIST_FILE = YES;
				INFOPLIST_FILE = "ONG-Info.plist";
				INFOPLIST_KEY_CFBundleDisplayName = "";
				INFOPLIST_KEY_LSApplicationCategoryType = "";
				INFOPLIST_KEY_NSContactsUsageDescription = "ONG needs access to your contacts to help you find mutuals. We'll only access the contacts you choose to interact with.";
				INFOPLIST_KEY_NSLocationWhenInUseUsageDescription = "Gas needs your location to find nearby schools and connect you with friends. We care about your privacy and only use your location for this purpose.";
				INFOPLIST_KEY_UIApplicationSceneManifest_Generation = YES;
				INFOPLIST_KEY_UIApplicationSupportsIndirectInputEvents = YES;
				INFOPLIST_KEY_UILaunchScreen_Generation = YES;
				INFOPLIST_KEY_UISupportedInterfaceOrientations_iPad = "UIInterfaceOrientationPortrait UIInterfaceOrientationPortraitUpsideDown UIInterfaceOrientationLandscapeLeft UIInterfaceOrientationLandscapeRight";
				INFOPLIST_KEY_UISupportedInterfaceOrientations_iPhone = "UIInterfaceOrientationPortrait UIInterfaceOrientationLandscapeLeft UIInterfaceOrientationLandscapeRight";
				LD_RUNPATH_SEARCH_PATHS = (
					"$(inherited)",
					"@executable_path/Frameworks",
				);
				MARKETING_VERSION = 1.0.1;
				PRODUCT_BUNDLE_IDENTIFIER = com.ong.app;
				PRODUCT_NAME = "$(TARGET_NAME)";
				SUPPORTED_PLATFORMS = "iphoneos iphonesimulator";
				SUPPORTS_MACCATALYST = NO;
				SUPPORTS_MAC_DESIGNED_FOR_IPHONE_IPAD = NO;
				SUPPORTS_XR_DESIGNED_FOR_IPHONE_IPAD = NO;
				SWIFT_EMIT_LOC_STRINGS = YES;
				SWIFT_VERSION = 5.0;
				TARGETED_DEVICE_FAMILY = 1;
			};
			name = Debug;
		};
		88B37D1B2C23FD60000A7D91 /* Release */ = {
			isa = XCBuildConfiguration;
			buildSettings = {
				ASSETCATALOG_COMPILER_APPICON_NAME = AppIcon;
				ASSETCATALOG_COMPILER_GLOBAL_ACCENT_COLOR_NAME = AccentColor;
				CODE_SIGN_ENTITLEMENTS = ONG.entitlements;
				CODE_SIGN_STYLE = Automatic;
				CURRENT_PROJECT_VERSION = 2;
				DEVELOPMENT_ASSET_PATHS = "\"ShipFastStarter/Preview Content\"";
				DEVELOPMENT_TEAM = VY92D2R4AT;
				ENABLE_PREVIEWS = YES;
				GENERATE_INFOPLIST_FILE = YES;
				INFOPLIST_FILE = "ONG-Info.plist";
				INFOPLIST_KEY_CFBundleDisplayName = "";
				INFOPLIST_KEY_LSApplicationCategoryType = "";
				INFOPLIST_KEY_NSContactsUsageDescription = "ONG needs access to your contacts to help you find mutuals. We'll only access the contacts you choose to interact with.";
				INFOPLIST_KEY_NSLocationWhenInUseUsageDescription = "Gas needs your location to find nearby schools and connect you with friends. We care about your privacy and only use your location for this purpose.";
				INFOPLIST_KEY_UIApplicationSceneManifest_Generation = YES;
				INFOPLIST_KEY_UIApplicationSupportsIndirectInputEvents = YES;
				INFOPLIST_KEY_UILaunchScreen_Generation = YES;
				INFOPLIST_KEY_UISupportedInterfaceOrientations_iPad = "UIInterfaceOrientationPortrait UIInterfaceOrientationPortraitUpsideDown UIInterfaceOrientationLandscapeLeft UIInterfaceOrientationLandscapeRight";
				INFOPLIST_KEY_UISupportedInterfaceOrientations_iPhone = "UIInterfaceOrientationPortrait UIInterfaceOrientationLandscapeLeft UIInterfaceOrientationLandscapeRight";
				LD_RUNPATH_SEARCH_PATHS = (
					"$(inherited)",
					"@executable_path/Frameworks",
				);
				MARKETING_VERSION = 1.0.1;
				PRODUCT_BUNDLE_IDENTIFIER = com.ong.app;
				PRODUCT_NAME = "$(TARGET_NAME)";
				SUPPORTED_PLATFORMS = "iphoneos iphonesimulator";
				SUPPORTS_MACCATALYST = NO;
				SUPPORTS_MAC_DESIGNED_FOR_IPHONE_IPAD = NO;
				SUPPORTS_XR_DESIGNED_FOR_IPHONE_IPAD = NO;
				SWIFT_EMIT_LOC_STRINGS = YES;
				SWIFT_VERSION = 5.0;
				TARGETED_DEVICE_FAMILY = 1;
			};
			name = Release;
		};
/* End XCBuildConfiguration section */

/* Begin XCConfigurationList section */
		88B37D042C23FD60000A7D91 /* Build configuration list for PBXProject "ONG" */ = {
			isa = XCConfigurationList;
			buildConfigurations = (
				88B37D172C23FD60000A7D91 /* Debug */,
				88B37D182C23FD60000A7D91 /* Release */,
			);
			defaultConfigurationIsVisible = 0;
			defaultConfigurationName = Release;
		};
		88B37D192C23FD60000A7D91 /* Build configuration list for PBXNativeTarget "ONG" */ = {
			isa = XCConfigurationList;
			buildConfigurations = (
				88B37D1A2C23FD60000A7D91 /* Debug */,
				88B37D1B2C23FD60000A7D91 /* Release */,
			);
			defaultConfigurationIsVisible = 0;
			defaultConfigurationName = Release;
		};
/* End XCConfigurationList section */

/* Begin XCRemoteSwiftPackageReference section */
		88B37D272C2400F5000A7D91 /* XCRemoteSwiftPackageReference "purchases-ios-spm" */ = {
			isa = XCRemoteSwiftPackageReference;
			repositoryURL = "https://github.com/RevenueCat/purchases-ios-spm.git";
			requirement = {
				kind = upToNextMajorVersion;
				minimumVersion = 4.43.0;
			};
		};
		88B37D282C24018B000A7D91 /* XCRemoteSwiftPackageReference "Superwall-iOS" */ = {
			isa = XCRemoteSwiftPackageReference;
			repositoryURL = "https://github.com/superwall/Superwall-iOS";
			requirement = {
				kind = upToNextMajorVersion;
				minimumVersion = 3.0.0;
			};
		};
		88B37D2B2C2404D5000A7D91 /* XCRemoteSwiftPackageReference "AppsFlyerFramework" */ = {
			isa = XCRemoteSwiftPackageReference;
			repositoryURL = "https://github.com/AppsFlyerSDK/AppsFlyerFramework.git";
			requirement = {
				kind = upToNextMajorVersion;
				minimumVersion = 6.14.4;
			};
		};
		88B37D2E2C24052B000A7D91 /* XCRemoteSwiftPackageReference "mixpanel-swift" */ = {
			isa = XCRemoteSwiftPackageReference;
			repositoryURL = "https://github.com/mixpanel/mixpanel-swift.git";
			requirement = {
				branch = master;
				kind = branch;
			};
		};
		88C1E55A2C86925D00C9317E /* XCRemoteSwiftPackageReference "firebase-ios-sdk" */ = {
			isa = XCRemoteSwiftPackageReference;
			repositoryURL = "https://github.com/firebase/firebase-ios-sdk";
			requirement = {
				kind = upToNextMajorVersion;
				minimumVersion = 11.1.0;
			};
		};
/* End XCRemoteSwiftPackageReference section */

/* Begin XCSwiftPackageProductDependency section */
		8838DC4E2C8BD43B00500C6E /* FirebaseMessaging */ = {
			isa = XCSwiftPackageProductDependency;
			package = 88C1E55A2C86925D00C9317E /* XCRemoteSwiftPackageReference "firebase-ios-sdk" */;
			productName = FirebaseMessaging;
		};
		8838DC6A2C8F9AC400500C6E /* FirebaseStorage */ = {
			isa = XCSwiftPackageProductDependency;
			package = 88C1E55A2C86925D00C9317E /* XCRemoteSwiftPackageReference "firebase-ios-sdk" */;
			productName = FirebaseStorage;
		};
		88B37D292C24018B000A7D91 /* SuperwallKit */ = {
			isa = XCSwiftPackageProductDependency;
			package = 88B37D282C24018B000A7D91 /* XCRemoteSwiftPackageReference "Superwall-iOS" */;
			productName = SuperwallKit;
		};
		88B37D2C2C2404D5000A7D91 /* AppsFlyerLib */ = {
			isa = XCSwiftPackageProductDependency;
			package = 88B37D2B2C2404D5000A7D91 /* XCRemoteSwiftPackageReference "AppsFlyerFramework" */;
			productName = AppsFlyerLib;
		};
		88B37D2F2C24052B000A7D91 /* Mixpanel */ = {
			isa = XCSwiftPackageProductDependency;
			package = 88B37D2E2C24052B000A7D91 /* XCRemoteSwiftPackageReference "mixpanel-swift" */;
			productName = Mixpanel;
		};
		88B37D392C240CAB000A7D91 /* RevenueCat */ = {
			isa = XCSwiftPackageProductDependency;
			package = 88B37D272C2400F5000A7D91 /* XCRemoteSwiftPackageReference "purchases-ios-spm" */;
			productName = RevenueCat;
		};
		88C1E55B2C8692C900C9317E /* FirebaseAuth */ = {
			isa = XCSwiftPackageProductDependency;
			package = 88C1E55A2C86925D00C9317E /* XCRemoteSwiftPackageReference "firebase-ios-sdk" */;
			productName = FirebaseAuth;
		};
		88C1E55D2C8692C900C9317E /* FirebaseDatabase */ = {
			isa = XCSwiftPackageProductDependency;
			package = 88C1E55A2C86925D00C9317E /* XCRemoteSwiftPackageReference "firebase-ios-sdk" */;
			productName = FirebaseDatabase;
		};
		88C1E55F2C8692C900C9317E /* FirebaseFirestore */ = {
			isa = XCSwiftPackageProductDependency;
			package = 88C1E55A2C86925D00C9317E /* XCRemoteSwiftPackageReference "firebase-ios-sdk" */;
			productName = FirebaseFirestore;
		};
/* End XCSwiftPackageProductDependency section */
	};
	rootObject = 88B37D012C23FD60000A7D91 /* Project object */;
}
